Microsoft Visual Studio Solution File, Format Version 12.00
# Visual Studio Version 17
VisualStudioVersion = 17.5.2.0
MinimumVisualStudioVersion = 10.0.40219.1
Project("{FAE04EC0-301F-11D3-BF4B-00C04F79EFBC}") = "LojaDoValdir", "LojaDoValdir.csproj", "{776682A6-DF00-A7FB-C49A-2E09F5287E5F}"
EndProject
Global
	GlobalSection(SolutionConfigurationPlatforms) = preSolution
		Debug|Any CPU = Debug|Any CPU
		Release|Any CPU = Release|Any CPU
	EndGlobalSection
	GlobalSection(ProjectConfigurationPlatforms) = postSolution
		{776682A6-DF00-A7FB-C49A-2E09F5287E5F}.Debug|Any CPU.ActiveCfg = Debug|Any CPU
		{776682A6-DF00-A7FB-C49A-2E09F5287E5F}.Debug|Any CPU.Build.0 = Debug|Any CPU
		{776682A6-DF00-A7FB-C49A-2E09F5287E5F}.Release|Any CPU.ActiveCfg = Release|Any CPU
		{776682A6-DF00-A7FB-C49A-2E09F5287E5F}.Release|Any CPU.Build.0 = Release|Any CPU
	EndGlobalSection
	GlobalSection(SolutionProperties) = preSolution
		HideSolutionNode = FALSE
	EndGlobalSection
	GlobalSection(ExtensibilityGlobals) = postSolution
		SolutionGuid = {0E83EF14-A554-4F5A-BCBD-8AF86770847D}
	EndGlobalSection
EndGlobal
